
Microsoft Visual Studio Solution File, Format Version 12.00
# Visual Studio Version 16
VisualStudioVersion = 16.0.30907.101
MinimumVisualStudioVersion = 10.0.40219.1
Project("{8BC9CEB8-8B4A-11D0-8D11-00A0C91BC942}") = "rogue_like_game", "rogue_like_game\rogue_like_game.vcxproj", "{5B800199-CC0C-4E0F-8632-651E2C432B66}"
EndProject
Global
	GlobalSection(SolutionConfigurationPlatforms) = preSolution
		Debug|x64 = Debug|x64
		Debug|x86 = Debug|x86
		Release|x64 = Release|x64
		Release|x86 = Release|x86
	EndGlobalSection
	GlobalSection(ProjectConfigurationPlatforms) = postSolution
		{5B800199-CC0C-4E0F-8632-651E2C432B66}.Debug|x64.ActiveCfg = Debug|x64
		{5B800199-CC0C-4E0F-8632-651E2C432B66}.Debug|x64.Build.0 = Debug|x64
		{5B800199-CC0C-4E0F-8632-651E2C432B66}.Debug|x86.ActiveCfg = Debug|Win32
		{5B800199-CC0C-4E0F-8632-651E2C432B66}.Debug|x86.Build.0 = Debug|Win32
		{5B800199-CC0C-4E0F-8632-651E2C432B66}.Release|x64.ActiveCfg = Release|x64
		{5B800199-CC0C-4E0F-8632-651E2C432B66}.Release|x64.Build.0 = Release|x64
		{5B800199-CC0C-4E0F-8632-651E2C432B66}.Release|x86.ActiveCfg = Release|Win32
		{5B800199-CC0C-4E0F-8632-651E2C432B66}.Release|x86.Build.0 = Release|Win32
	EndGlobalSection
	GlobalSection(SolutionProperties) = preSolution
		HideSolutionNode = FALSE
	EndGlobalSection
	GlobalSection(ExtensibilityGlobals) = postSolution
		SolutionGuid = {F80969D2-FFE9-4800-88E3-48C6A56C3BB5}
	EndGlobalSection
EndGlobal
